{
  "pins" : [
    {
      "identity" : "projectautomation",
      "kind" : "remoteSourceControl",
      "location" : "https://github.com/tuist/ProjectAutomation",
      "state" : {
        "revision" : "6e7bf441231623250ecb4a2c9a67c85541186ca8",
        "version" : "3.5.0"
      }
    },
    {
      "identity" : "swift-argument-parser",
      "kind" : "remoteSourceControl",
      "location" : "https://github.com/apple/swift-argument-parser",
      "state" : {
        "revision" : "f3c9084a71ef4376f2fabbdf1d3d90a49f1fabdb",
        "version" : "1.1.2"
      }
    },
    {
      "identity" : "swift-system",
      "kind" : "remoteSourceControl",
      "location" : "https://github.com/apple/swift-system.git",
      "state" : {
        "revision" : "836bc4557b74fe6d2660218d56e3ce96aff76574",
        "version" : "1.1.1"
      }
    },
    {
      "identity" : "swift-tools-support-core",
      "kind" : "remoteSourceControl",
      "location" : "https://github.com/apple/swift-tools-support-core.git",
      "state" : {
        "revision" : "b7667f3e266af621e5cc9c77e74cacd8e8c00cb4",
        "version" : "0.2.5"
      }
    },
    {
      "identity" : "swiftytexttable",
      "kind" : "remoteSourceControl",
      "location" : "https://github.com/scottrhoyt/SwiftyTextTable.git",
      "state" : {
        "revision" : "c6df6cf533d120716bff38f8ff9885e1ce2a4ac3",
        "version" : "0.9.0"
      }
    }
  ],
  "version" : 2
}
